{
  "name": "@charrue/layout",
  "version": "0.0.3",
  "lockfileVersion": 1,
  "requires": true,
  "dependencies": {
    "path-to-regexp": {
      "version": "6.2.0",
      "resolved": "https://registry.nlark.com/path-to-regexp/download/path-to-regexp-6.2.0.tgz?cache=0&sync_timestamp=1618847046445&other_urls=https%3A%2F%2Fregistry.nlark.com%2Fpath-to-regexp%2Fdownload%2Fpath-to-regexp-6.2.0.tgz",
      "integrity": "sha1-97OAMzYQTDRoia3s5hRmkjBkXzg="
    },
    "vue-demi": {
      "version": "0.9.1",
      "resolved": "https://registry.nlark.com/vue-demi/download/vue-demi-0.9.1.tgz?cache=0&sync_timestamp=1622101043497&other_urls=https%3A%2F%2Fregistry.nlark.com%2Fvue-demi%2Fdownload%2Fvue-demi-0.9.1.tgz",
      "integrity": "sha1-Jdbh69TUAQdX/zVx4r9qHXvz3oI="
    }
  }
}
